
Microsoft Visual Studio Solution File, Format Version 12.00
# Visual Studio Version 17
VisualStudioVersion = 17.11.35327.3
MinimumVisualStudioVersion = 10.0.40219.1
Project("{FAE04EC0-301F-11D3-BF4B-00C04F79EFBC}") = "Weather", "Weather.csproj", "{7A29DD7C-C37B-46BA-B764-FDDC13D4244F}"
EndProject
Global
	GlobalSection(SolutionConfigurationPlatforms) = preSolution
		Debug|Any CPU = Debug|Any CPU
		Release|Any CPU = Release|Any CPU
	EndGlobalSection
	GlobalSection(ProjectConfigurationPlatforms) = postSolution
		{7A29DD7C-C37B-46BA-B764-FDDC13D4244F}.Debug|Any CPU.ActiveCfg = Debug|Any CPU
		{7A29DD7C-C37B-46BA-B764-FDDC13D4244F}.Debug|Any CPU.Build.0 = Debug|Any CPU
		{7A29DD7C-C37B-46BA-B764-FDDC13D4244F}.Release|Any CPU.ActiveCfg = Release|Any CPU
		{7A29DD7C-C37B-46BA-B764-FDDC13D4244F}.Release|Any CPU.Build.0 = Release|Any CPU
	EndGlobalSection
	GlobalSection(SolutionProperties) = preSolution
		HideSolutionNode = FALSE
	EndGlobalSection
	GlobalSection(ExtensibilityGlobals) = postSolution
		SolutionGuid = {6BC84FD7-1CD4-41C5-9A99-AA496D2BC653}
	EndGlobalSection
EndGlobal
